
Microsoft Visual Studio Solution File, Format Version 12.00
# Visual Studio 15
VisualStudioVersion = 15.0.26228.9
MinimumVisualStudioVersion = 10.0.40219.1
Project("{FAE04EC0-301F-11D3-BF4B-00C04F79EFBC}") = "MyTunes.iOS", "MyTunes.iOS\MyTunes.iOS.csproj", "{A3D17E5F-2659-4EAD-87A1-3B7E56E90807}"
EndProject
Project("{FAE04EC0-301F-11D3-BF4B-00C04F79EFBC}") = "MyTunes.Droid", "MyTunes.Droid\MyTunes.Droid.csproj", "{CC9983A8-412B-434B-A38F-84F7F754D6D2}"
EndProject
Project("{FAE04EC0-301F-11D3-BF4B-00C04F79EFBC}") = "MyTunes.UWP", "MyTunes.UWP\MyTunes.UWP.csproj", "{F9C452EE-F8D9-4690-B3FB-1EF35A5E1772}"
EndProject
Global
	GlobalSection(SolutionConfigurationPlatforms) = preSolution
		Ad-Hoc|Any CPU = Ad-Hoc|Any CPU
		Ad-Hoc|ARM = Ad-Hoc|ARM
		Ad-Hoc|iPhone = Ad-Hoc|iPhone
		Ad-Hoc|iPhoneSimulator = Ad-Hoc|iPhoneSimulator
		Ad-Hoc|Mixed Platforms = Ad-Hoc|Mixed Platforms
		Ad-Hoc|x64 = Ad-Hoc|x64
		Ad-Hoc|x86 = Ad-Hoc|x86
		AppStore|Any CPU = AppStore|Any CPU
		AppStore|ARM = AppStore|ARM
		AppStore|iPhone = AppStore|iPhone
		AppStore|iPhoneSimulator = AppStore|iPhoneSimulator
		AppStore|Mixed Platforms = AppStore|Mixed Platforms
		AppStore|x64 = AppStore|x64
		AppStore|x86 = AppStore|x86
		Debug|Any CPU = Debug|Any CPU
		Debug|ARM = Debug|ARM
		Debug|iPhone = Debug|iPhone
		Debug|iPhoneSimulator = Debug|iPhoneSimulator
		Debug|Mixed Platforms = Debug|Mixed Platforms
		Debug|x64 = Debug|x64
		Debug|x86 = Debug|x86
		Release|Any CPU = Release|Any CPU
		Release|ARM = Release|ARM
		Release|iPhone = Release|iPhone
		Release|iPhoneSimulator = Release|iPhoneSimulator
		Release|Mixed Platforms = Release|Mixed Platforms
		Release|x64 = Release|x64
		Release|x86 = Release|x86
	EndGlobalSection
	GlobalSection(ProjectConfigurationPlatforms) = postSolution
		{A3D17E5F-2659-4EAD-87A1-3B7E56E90807}.Ad-Hoc|Any CPU.ActiveCfg = Ad-Hoc|Any CPU
		{A3D17E5F-2659-4EAD-87A1-3B7E56E90807}.Ad-Hoc|Any CPU.Build.0 = Ad-Hoc|Any CPU
		{A3D17E5F-2659-4EAD-87A1-3B7E56E90807}.Ad-Hoc|Any CPU.Deploy.0 = Ad-Hoc|Any CPU
		{A3D17E5F-2659-4EAD-87A1-3B7E56E90807}.Ad-Hoc|ARM.ActiveCfg = Ad-Hoc|Any CPU
		{A3D17E5F-2659-4EAD-87A1-3B7E56E90807}.Ad-Hoc|iPhone.ActiveCfg = Ad-Hoc|iPhone
		{A3D17E5F-2659-4EAD-87A1-3B7E56E90807}.Ad-Hoc|iPhone.Build.0 = Ad-Hoc|iPhone
		{A3D17E5F-2659-4EAD-87A1-3B7E56E90807}.Ad-Hoc|iPhoneSimulator.ActiveCfg = Ad-Hoc|iPhone
		{A3D17E5F-2659-4EAD-87A1-3B7E56E90807}.Ad-Hoc|iPhoneSimulator.Build.0 = Ad-Hoc|iPhone
		{A3D17E5F-2659-4EAD-87A1-3B7E56E90807}.Ad-Hoc|Mixed Platforms.ActiveCfg = Ad-Hoc|Any CPU
		{A3D17E5F-2659-4EAD-87A1-3B7E56E90807}.Ad-Hoc|Mixed Platforms.Build.0 = Ad-Hoc|Any CPU
		{A3D17E5F-2659-4EAD-87A1-3B7E56E90807}.Ad-Hoc|Mixed Platforms.Deploy.0 = Ad-Hoc|Any CPU
		{A3D17E5F-2659-4EAD-87A1-3B7E56E90807}.Ad-Hoc|x64.ActiveCfg = Ad-Hoc|Any CPU
		{A3D17E5F-2659-4EAD-87A1-3B7E56E90807}.Ad-Hoc|x64.Build.0 = Ad-Hoc|Any CPU
		{A3D17E5F-2659-4EAD-87A1-3B7E56E90807}.Ad-Hoc|x86.ActiveCfg = Ad-Hoc|Any CPU
		{A3D17E5F-2659-4EAD-87A1-3B7E56E90807}.AppStore|Any CPU.ActiveCfg = AppStore|Any CPU
		{A3D17E5F-2659-4EAD-87A1-3B7E56E90807}.AppStore|Any CPU.Build.0 = AppStore|Any CPU
		{A3D17E5F-2659-4EAD-87A1-3B7E56E90807}.AppStore|Any CPU.Deploy.0 = AppStore|Any CPU
		{A3D17E5F-2659-4EAD-87A1-3B7E56E90807}.AppStore|ARM.ActiveCfg = AppStore|Any CPU
		{A3D17E5F-2659-4EAD-87A1-3B7E56E90807}.AppStore|iPhone.ActiveCfg = AppStore|iPhone
		{A3D17E5F-2659-4EAD-87A1-3B7E56E90807}.AppStore|iPhone.Build.0 = AppStore|iPhone
		{A3D17E5F-2659-4EAD-87A1-3B7E56E90807}.AppStore|iPhoneSimulator.ActiveCfg = AppStore|iPhone
		{A3D17E5F-2659-4EAD-87A1-3B7E56E90807}.AppStore|iPhoneSimulator.Build.0 = AppStore|iPhone
		{A3D17E5F-2659-4EAD-87A1-3B7E56E90807}.AppStore|Mixed Platforms.ActiveCfg = AppStore|Any CPU
		{A3D17E5F-2659-4EAD-87A1-3B7E56E90807}.AppStore|Mixed Platforms.Build.0 = AppStore|Any CPU
		{A3D17E5F-2659-4EAD-87A1-3B7E56E90807}.AppStore|Mixed Platforms.Deploy.0 = AppStore|Any CPU
		{A3D17E5F-2659-4EAD-87A1-3B7E56E90807}.AppStore|x64.ActiveCfg = AppStore|Any CPU
		{A3D17E5F-2659-4EAD-87A1-3B7E56E90807}.AppStore|x64.Build.0 = AppStore|Any CPU
		{A3D17E5F-2659-4EAD-87A1-3B7E56E90807}.AppStore|x86.ActiveCfg = AppStore|Any CPU
		{A3D17E5F-2659-4EAD-87A1-3B7E56E90807}.Debug|Any CPU.ActiveCfg = Debug|iPhoneSimulator
		{A3D17E5F-2659-4EAD-87A1-3B7E56E90807}.Debug|Any CPU.Build.0 = Debug|iPhoneSimulator
		{A3D17E5F-2659-4EAD-87A1-3B7E56E90807}.Debug|Any CPU.Deploy.0 = Debug|iPhoneSimulator
		{A3D17E5F-2659-4EAD-87A1-3B7E56E90807}.Debug|ARM.ActiveCfg = Debug|Any CPU
		{A3D17E5F-2659-4EAD-87A1-3B7E56E90807}.Debug|iPhone.ActiveCfg = Debug|iPhone
		{A3D17E5F-2659-4EAD-87A1-3B7E56E90807}.Debug|iPhone.Build.0 = Debug|iPhone
		{A3D17E5F-2659-4EAD-87A1-3B7E56E90807}.Debug|iPhone.Deploy.0 = Debug|iPhone
		{A3D17E5F-2659-4EAD-87A1-3B7E56E90807}.Debug|iPhoneSimulator.ActiveCfg = Debug|iPhoneSimulator
		{A3D17E5F-2659-4EAD-87A1-3B7E56E90807}.Debug|iPhoneSimulator.Build.0 = Debug|iPhoneSimulator
		{A3D17E5F-2659-4EAD-87A1-3B7E56E90807}.Debug|iPhoneSimulator.Deploy.0 = Debug|iPhoneSimulator
		{A3D17E5F-2659-4EAD-87A1-3B7E56E90807}.Debug|Mixed Platforms.ActiveCfg = Debug|Any CPU
		{A3D17E5F-2659-4EAD-87A1-3B7E56E90807}.Debug|Mixed Platforms.Build.0 = Debug|Any CPU
		{A3D17E5F-2659-4EAD-87A1-3B7E56E90807}.Debug|Mixed Platforms.Deploy.0 = Debug|Any CPU
		{A3D17E5F-2659-4EAD-87A1-3B7E56E90807}.Debug|x64.ActiveCfg = Debug|Any CPU
		{A3D17E5F-2659-4EAD-87A1-3B7E56E90807}.Debug|x64.Build.0 = Debug|Any CPU
		{A3D17E5F-2659-4EAD-87A1-3B7E56E90807}.Debug|x86.ActiveCfg = Debug|Any CPU
		{A3D17E5F-2659-4EAD-87A1-3B7E56E90807}.Release|Any CPU.ActiveCfg = Release|iPhone
		{A3D17E5F-2659-4EAD-87A1-3B7E56E90807}.Release|Any CPU.Build.0 = Release|iPhone
		{A3D17E5F-2659-4EAD-87A1-3B7E56E90807}.Release|Any CPU.Deploy.0 = Release|iPhone
		{A3D17E5F-2659-4EAD-87A1-3B7E56E90807}.Release|ARM.ActiveCfg = Release|Any CPU
		{A3D17E5F-2659-4EAD-87A1-3B7E56E90807}.Release|iPhone.ActiveCfg = Release|iPhone
		{A3D17E5F-2659-4EAD-87A1-3B7E56E90807}.Release|iPhone.Build.0 = Release|iPhone
		{A3D17E5F-2659-4EAD-87A1-3B7E56E90807}.Release|iPhoneSimulator.ActiveCfg = Release|iPhoneSimulator
		{A3D17E5F-2659-4EAD-87A1-3B7E56E90807}.Release|iPhoneSimulator.Build.0 = Release|iPhoneSimulator
		{A3D17E5F-2659-4EAD-87A1-3B7E56E90807}.Release|iPhoneSimulator.Deploy.0 = Release|iPhoneSimulator
		{A3D17E5F-2659-4EAD-87A1-3B7E56E90807}.Release|Mixed Platforms.ActiveCfg = Release|Any CPU
		{A3D17E5F-2659-4EAD-87A1-3B7E56E90807}.Release|Mixed Platforms.Build.0 = Release|Any CPU
		{A3D17E5F-2659-4EAD-87A1-3B7E56E90807}.Release|Mixed Platforms.Deploy.0 = Release|Any CPU
		{A3D17E5F-2659-4EAD-87A1-3B7E56E90807}.Release|x64.ActiveCfg = Release|Any CPU
		{A3D17E5F-2659-4EAD-87A1-3B7E56E90807}.Release|x64.Build.0 = Release|Any CPU
		{A3D17E5F-2659-4EAD-87A1-3B7E56E90807}.Release|x86.ActiveCfg = Release|Any CPU
		{CC9983A8-412B-434B-A38F-84F7F754D6D2}.Ad-Hoc|Any CPU.ActiveCfg = Debug|Any CPU
		{CC9983A8-412B-434B-A38F-84F7F754D6D2}.Ad-Hoc|Any CPU.Build.0 = Debug|Any CPU
		{CC9983A8-412B-434B-A38F-84F7F754D6D2}.Ad-Hoc|Any CPU.Deploy.0 = Debug|Any CPU
		{CC9983A8-412B-434B-A38F-84F7F754D6D2}.Ad-Hoc|ARM.ActiveCfg = Debug|Any CPU
		{CC9983A8-412B-434B-A38F-84F7F754D6D2}.Ad-Hoc|iPhone.ActiveCfg = Release|Any CPU
		{CC9983A8-412B-434B-A38F-84F7F754D6D2}.Ad-Hoc|iPhone.Build.0 = Release|Any CPU
		{CC9983A8-412B-434B-A38F-84F7F754D6D2}.Ad-Hoc|iPhoneSimulator.ActiveCfg = Release|Any CPU
		{CC9983A8-412B-434B-A38F-84F7F754D6D2}.Ad-Hoc|iPhoneSimulator.Build.0 = Release|Any CPU
		{CC9983A8-412B-434B-A38F-84F7F754D6D2}.Ad-Hoc|Mixed Platforms.ActiveCfg = Release|Any CPU
		{CC9983A8-412B-434B-A38F-84F7F754D6D2}.Ad-Hoc|Mixed Platforms.Build.0 = Release|Any CPU
		{CC9983A8-412B-434B-A38F-84F7F754D6D2}.Ad-Hoc|Mixed Platforms.Deploy.0 = Release|Any CPU
		{CC9983A8-412B-434B-A38F-84F7F754D6D2}.Ad-Hoc|x64.ActiveCfg = Release|Any CPU
		{CC9983A8-412B-434B-A38F-84F7F754D6D2}.Ad-Hoc|x64.Build.0 = Release|Any CPU
		{CC9983A8-412B-434B-A38F-84F7F754D6D2}.Ad-Hoc|x64.Deploy.0 = Release|Any CPU
		{CC9983A8-412B-434B-A38F-84F7F754D6D2}.Ad-Hoc|x86.ActiveCfg = Debug|Any CPU
		{CC9983A8-412B-434B-A38F-84F7F754D6D2}.AppStore|Any CPU.ActiveCfg = Debug|Any CPU
		{CC9983A8-412B-434B-A38F-84F7F754D6D2}.AppStore|Any CPU.Build.0 = Debug|Any CPU
		{CC9983A8-412B-434B-A38F-84F7F754D6D2}.AppStore|Any CPU.Deploy.0 = Debug|Any CPU
		{CC9983A8-412B-434B-A38F-84F7F754D6D2}.AppStore|ARM.ActiveCfg = Debug|Any CPU
		{CC9983A8-412B-434B-A38F-84F7F754D6D2}.AppStore|iPhone.ActiveCfg = Release|Any CPU
		{CC9983A8-412B-434B-A38F-84F7F754D6D2}.AppStore|iPhone.Build.0 = Release|Any CPU
		{CC9983A8-412B-434B-A38F-84F7F754D6D2}.AppStore|iPhoneSimulator.ActiveCfg = Release|Any CPU
		{CC9983A8-412B-434B-A38F-84F7F754D6D2}.AppStore|iPhoneSimulator.Build.0 = Release|Any CPU
		{CC9983A8-412B-434B-A38F-84F7F754D6D2}.AppStore|Mixed Platforms.ActiveCfg = Release|Any CPU
		{CC9983A8-412B-434B-A38F-84F7F754D6D2}.AppStore|Mixed Platforms.Build.0 = Release|Any CPU
		{CC9983A8-412B-434B-A38F-84F7F754D6D2}.AppStore|Mixed Platforms.Deploy.0 = Release|Any CPU
		{CC9983A8-412B-434B-A38F-84F7F754D6D2}.AppStore|x64.ActiveCfg = Release|Any CPU
		{CC9983A8-412B-434B-A38F-84F7F754D6D2}.AppStore|x64.Build.0 = Release|Any CPU
		{CC9983A8-412B-434B-A38F-84F7F754D6D2}.AppStore|x64.Deploy.0 = Release|Any CPU
		{CC9983A8-412B-434B-A38F-84F7F754D6D2}.AppStore|x86.ActiveCfg = Debug|Any CPU
		{CC9983A8-412B-434B-A38F-84F7F754D6D2}.Debug|Any CPU.ActiveCfg = Debug|Any CPU
		{CC9983A8-412B-434B-A38F-84F7F754D6D2}.Debug|Any CPU.Build.0 = Debug|Any CPU
		{CC9983A8-412B-434B-A38F-84F7F754D6D2}.Debug|Any CPU.Deploy.0 = Debug|Any CPU
		{CC9983A8-412B-434B-A38F-84F7F754D6D2}.Debug|ARM.ActiveCfg = Debug|Any CPU
		{CC9983A8-412B-434B-A38F-84F7F754D6D2}.Debug|iPhone.ActiveCfg = Debug|Any CPU
		{CC9983A8-412B-434B-A38F-84F7F754D6D2}.Debug|iPhone.Deploy.0 = Debug|Any CPU
		{CC9983A8-412B-434B-A38F-84F7F754D6D2}.Debug|iPhoneSimulator.ActiveCfg = Debug|Any CPU
		{CC9983A8-412B-434B-A38F-84F7F754D6D2}.Debug|Mixed Platforms.ActiveCfg = Debug|Any CPU
		{CC9983A8-412B-434B-A38F-84F7F754D6D2}.Debug|Mixed Platforms.Build.0 = Debug|Any CPU
		{CC9983A8-412B-434B-A38F-84F7F754D6D2}.Debug|Mixed Platforms.Deploy.0 = Debug|Any CPU
		{CC9983A8-412B-434B-A38F-84F7F754D6D2}.Debug|x64.ActiveCfg = Debug|Any CPU
		{CC9983A8-412B-434B-A38F-84F7F754D6D2}.Debug|x64.Build.0 = Debug|Any CPU
		{CC9983A8-412B-434B-A38F-84F7F754D6D2}.Debug|x64.Deploy.0 = Debug|Any CPU
		{CC9983A8-412B-434B-A38F-84F7F754D6D2}.Debug|x86.ActiveCfg = Debug|Any CPU
		{CC9983A8-412B-434B-A38F-84F7F754D6D2}.Release|Any CPU.ActiveCfg = Release|Any CPU
		{CC9983A8-412B-434B-A38F-84F7F754D6D2}.Release|Any CPU.Build.0 = Release|Any CPU
		{CC9983A8-412B-434B-A38F-84F7F754D6D2}.Release|Any CPU.Deploy.0 = Release|Any CPU
		{CC9983A8-412B-434B-A38F-84F7F754D6D2}.Release|ARM.ActiveCfg = Release|Any CPU
		{CC9983A8-412B-434B-A38F-84F7F754D6D2}.Release|iPhone.ActiveCfg = Release|Any CPU
		{CC9983A8-412B-434B-A38F-84F7F754D6D2}.Release|iPhone.Build.0 = Release|Any CPU
		{CC9983A8-412B-434B-A38F-84F7F754D6D2}.Release|iPhoneSimulator.ActiveCfg = Release|Any CPU
		{CC9983A8-412B-434B-A38F-84F7F754D6D2}.Release|Mixed Platforms.ActiveCfg = Release|Any CPU
		{CC9983A8-412B-434B-A38F-84F7F754D6D2}.Release|Mixed Platforms.Build.0 = Release|Any CPU
		{CC9983A8-412B-434B-A38F-84F7F754D6D2}.Release|Mixed Platforms.Deploy.0 = Release|Any CPU
		{CC9983A8-412B-434B-A38F-84F7F754D6D2}.Release|x64.ActiveCfg = Release|Any CPU
		{CC9983A8-412B-434B-A38F-84F7F754D6D2}.Release|x64.Build.0 = Release|Any CPU
		{CC9983A8-412B-434B-A38F-84F7F754D6D2}.Release|x64.Deploy.0 = Release|Any CPU
		{CC9983A8-412B-434B-A38F-84F7F754D6D2}.Release|x86.ActiveCfg = Release|Any CPU
		{F9C452EE-F8D9-4690-B3FB-1EF35A5E1772}.Ad-Hoc|Any CPU.ActiveCfg = Release|x64
		{F9C452EE-F8D9-4690-B3FB-1EF35A5E1772}.Ad-Hoc|Any CPU.Build.0 = Release|x64
		{F9C452EE-F8D9-4690-B3FB-1EF35A5E1772}.Ad-Hoc|Any CPU.Deploy.0 = Release|x64
		{F9C452EE-F8D9-4690-B3FB-1EF35A5E1772}.Ad-Hoc|ARM.ActiveCfg = Release|ARM
		{F9C452EE-F8D9-4690-B3FB-1EF35A5E1772}.Ad-Hoc|ARM.Build.0 = Release|ARM
		{F9C452EE-F8D9-4690-B3FB-1EF35A5E1772}.Ad-Hoc|ARM.Deploy.0 = Release|ARM
		{F9C452EE-F8D9-4690-B3FB-1EF35A5E1772}.Ad-Hoc|iPhone.ActiveCfg = Release|x64
		{F9C452EE-F8D9-4690-B3FB-1EF35A5E1772}.Ad-Hoc|iPhone.Build.0 = Release|x64
		{F9C452EE-F8D9-4690-B3FB-1EF35A5E1772}.Ad-Hoc|iPhone.Deploy.0 = Release|x64
		{F9C452EE-F8D9-4690-B3FB-1EF35A5E1772}.Ad-Hoc|iPhoneSimulator.ActiveCfg = Release|x64
		{F9C452EE-F8D9-4690-B3FB-1EF35A5E1772}.Ad-Hoc|iPhoneSimulator.Build.0 = Release|x64
		{F9C452EE-F8D9-4690-B3FB-1EF35A5E1772}.Ad-Hoc|iPhoneSimulator.Deploy.0 = Release|x64
		{F9C452EE-F8D9-4690-B3FB-1EF35A5E1772}.Ad-Hoc|Mixed Platforms.ActiveCfg = Release|x86
		{F9C452EE-F8D9-4690-B3FB-1EF35A5E1772}.Ad-Hoc|Mixed Platforms.Build.0 = Release|x86
		{F9C452EE-F8D9-4690-B3FB-1EF35A5E1772}.Ad-Hoc|Mixed Platforms.Deploy.0 = Release|x86
		{F9C452EE-F8D9-4690-B3FB-1EF35A5E1772}.Ad-Hoc|x64.ActiveCfg = Release|x64
		{F9C452EE-F8D9-4690-B3FB-1EF35A5E1772}.Ad-Hoc|x64.Build.0 = Release|x64
		{F9C452EE-F8D9-4690-B3FB-1EF35A5E1772}.Ad-Hoc|x64.Deploy.0 = Release|x64
		{F9C452EE-F8D9-4690-B3FB-1EF35A5E1772}.Ad-Hoc|x86.ActiveCfg = Release|x86
		{F9C452EE-F8D9-4690-B3FB-1EF35A5E1772}.Ad-Hoc|x86.Build.0 = Release|x86
		{F9C452EE-F8D9-4690-B3FB-1EF35A5E1772}.Ad-Hoc|x86.Deploy.0 = Release|x86
		{F9C452EE-F8D9-4690-B3FB-1EF35A5E1772}.AppStore|Any CPU.ActiveCfg = Release|x64
		{F9C452EE-F8D9-4690-B3FB-1EF35A5E1772}.AppStore|Any CPU.Build.0 = Release|x64
		{F9C452EE-F8D9-4690-B3FB-1EF35A5E1772}.AppStore|Any CPU.Deploy.0 = Release|x64
		{F9C452EE-F8D9-4690-B3FB-1EF35A5E1772}.AppStore|ARM.ActiveCfg = Release|ARM
		{F9C452EE-F8D9-4690-B3FB-1EF35A5E1772}.AppStore|ARM.Build.0 = Release|ARM
		{F9C452EE-F8D9-4690-B3FB-1EF35A5E1772}.AppStore|ARM.Deploy.0 = Release|ARM
		{F9C452EE-F8D9-4690-B3FB-1EF35A5E1772}.AppStore|iPhone.ActiveCfg = Release|x64
		{F9C452EE-F8D9-4690-B3FB-1EF35A5E1772}.AppStore|iPhone.Build.0 = Release|x64
		{F9C452EE-F8D9-4690-B3FB-1EF35A5E1772}.AppStore|iPhone.Deploy.0 = Release|x64
		{F9C452EE-F8D9-4690-B3FB-1EF35A5E1772}.AppStore|iPhoneSimulator.ActiveCfg = Release|x64
		{F9C452EE-F8D9-4690-B3FB-1EF35A5E1772}.AppStore|iPhoneSimulator.Build.0 = Release|x64
		{F9C452EE-F8D9-4690-B3FB-1EF35A5E1772}.AppStore|iPhoneSimulator.Deploy.0 = Release|x64
		{F9C452EE-F8D9-4690-B3FB-1EF35A5E1772}.AppStore|Mixed Platforms.ActiveCfg = Release|x86
		{F9C452EE-F8D9-4690-B3FB-1EF35A5E1772}.AppStore|Mixed Platforms.Build.0 = Release|x86
		{F9C452EE-F8D9-4690-B3FB-1EF35A5E1772}.AppStore|Mixed Platforms.Deploy.0 = Release|x86
		{F9C452EE-F8D9-4690-B3FB-1EF35A5E1772}.AppStore|x64.ActiveCfg = Release|x64
		{F9C452EE-F8D9-4690-B3FB-1EF35A5E1772}.AppStore|x64.Build.0 = Release|x64
		{F9C452EE-F8D9-4690-B3FB-1EF35A5E1772}.AppStore|x64.Deploy.0 = Release|x64
		{F9C452EE-F8D9-4690-B3FB-1EF35A5E1772}.AppStore|x86.ActiveCfg = Release|x86
		{F9C452EE-F8D9-4690-B3FB-1EF35A5E1772}.AppStore|x86.Build.0 = Release|x86
		{F9C452EE-F8D9-4690-B3FB-1EF35A5E1772}.AppStore|x86.Deploy.0 = Release|x86
		{F9C452EE-F8D9-4690-B3FB-1EF35A5E1772}.Debug|Any CPU.ActiveCfg = Debug|x86
		{F9C452EE-F8D9-4690-B3FB-1EF35A5E1772}.Debug|ARM.ActiveCfg = Debug|ARM
		{F9C452EE-F8D9-4690-B3FB-1EF35A5E1772}.Debug|ARM.Build.0 = Debug|ARM
		{F9C452EE-F8D9-4690-B3FB-1EF35A5E1772}.Debug|ARM.Deploy.0 = Debug|ARM
		{F9C452EE-F8D9-4690-B3FB-1EF35A5E1772}.Debug|iPhone.ActiveCfg = Debug|x86
		{F9C452EE-F8D9-4690-B3FB-1EF35A5E1772}.Debug|iPhoneSimulator.ActiveCfg = Debug|x86
		{F9C452EE-F8D9-4690-B3FB-1EF35A5E1772}.Debug|Mixed Platforms.ActiveCfg = Debug|x86
		{F9C452EE-F8D9-4690-B3FB-1EF35A5E1772}.Debug|Mixed Platforms.Build.0 = Debug|x86
		{F9C452EE-F8D9-4690-B3FB-1EF35A5E1772}.Debug|Mixed Platforms.Deploy.0 = Debug|x86
		{F9C452EE-F8D9-4690-B3FB-1EF35A5E1772}.Debug|x64.ActiveCfg = Debug|x64
		{F9C452EE-F8D9-4690-B3FB-1EF35A5E1772}.Debug|x64.Build.0 = Debug|x64
		{F9C452EE-F8D9-4690-B3FB-1EF35A5E1772}.Debug|x64.Deploy.0 = Debug|x64
		{F9C452EE-F8D9-4690-B3FB-1EF35A5E1772}.Debug|x86.ActiveCfg = Debug|x86
		{F9C452EE-F8D9-4690-B3FB-1EF35A5E1772}.Debug|x86.Build.0 = Debug|x86
		{F9C452EE-F8D9-4690-B3FB-1EF35A5E1772}.Debug|x86.Deploy.0 = Debug|x86
		{F9C452EE-F8D9-4690-B3FB-1EF35A5E1772}.Release|Any CPU.ActiveCfg = Release|x86
		{F9C452EE-F8D9-4690-B3FB-1EF35A5E1772}.Release|ARM.ActiveCfg = Release|ARM
		{F9C452EE-F8D9-4690-B3FB-1EF35A5E1772}.Release|ARM.Build.0 = Release|ARM
		{F9C452EE-F8D9-4690-B3FB-1EF35A5E1772}.Release|ARM.Deploy.0 = Release|ARM
		{F9C452EE-F8D9-4690-B3FB-1EF35A5E1772}.Release|iPhone.ActiveCfg = Release|x86
		{F9C452EE-F8D9-4690-B3FB-1EF35A5E1772}.Release|iPhoneSimulator.ActiveCfg = Release|x86
		{F9C452EE-F8D9-4690-B3FB-1EF35A5E1772}.Release|Mixed Platforms.ActiveCfg = Release|x86
		{F9C452EE-F8D9-4690-B3FB-1EF35A5E1772}.Release|Mixed Platforms.Build.0 = Release|x86
		{F9C452EE-F8D9-4690-B3FB-1EF35A5E1772}.Release|Mixed Platforms.Deploy.0 = Release|x86
		{F9C452EE-F8D9-4690-B3FB-1EF35A5E1772}.Release|x64.ActiveCfg = Release|x64
		{F9C452EE-F8D9-4690-B3FB-1EF35A5E1772}.Release|x64.Build.0 = Release|x64
		{F9C452EE-F8D9-4690-B3FB-1EF35A5E1772}.Release|x64.Deploy.0 = Release|x64
		{F9C452EE-F8D9-4690-B3FB-1EF35A5E1772}.Release|x86.ActiveCfg = Release|x86
		{F9C452EE-F8D9-4690-B3FB-1EF35A5E1772}.Release|x86.Build.0 = Release|x86
		{F9C452EE-F8D9-4690-B3FB-1EF35A5E1772}.Release|x86.Deploy.0 = Release|x86
	EndGlobalSection
	GlobalSection(SolutionProperties) = preSolution
		HideSolutionNode = FALSE
	EndGlobalSection
EndGlobal
